{
  "name": "interview_practice",
  "version": "1.0.0",
  "lockfileVersion": 1,
  "requires": true,
  "dependencies": {
    "trimap_config_loader": {
      "version": "1.1.2",
      "resolved": "https://registry.npmjs.org/trimap_config_loader/-/trimap_config_loader-1.1.2.tgz",
      "integrity": "sha512-IMzix/YciDXzfS0Y1deFLDxUZ2h37OU2Z0ihu63yKUp8o9lBiRH+ezOmG1hrbMMWt2enQeXdk01uCnzjkr0kow=="
    }
  }
}
